
Microsoft Visual Studio Solution File, Format Version 12.00
# Visual Studio Version 16
VisualStudioVersion = 16.0.30309.148
MinimumVisualStudioVersion = 10.0.40219.1
Project("{FAE04EC0-301F-11D3-BF4B-00C04F79EFBC}") = "EncodingChecker", "EncodingChecker\EncodingChecker.csproj", "{134E6B14-A7BE-4CED-8332-3A2CA6023EE1}"
EndProject
Global
	GlobalSection(SolutionConfigurationPlatforms) = preSolution
		Debug|Any CPU = Debug|Any CPU
		Release|Any CPU = Release|Any CPU
	EndGlobalSection
	GlobalSection(ProjectConfigurationPlatforms) = postSolution
		{134E6B14-A7BE-4CED-8332-3A2CA6023EE1}.Debug|Any CPU.ActiveCfg = Debug|Any CPU
		{134E6B14-A7BE-4CED-8332-3A2CA6023EE1}.Debug|Any CPU.Build.0 = Debug|Any CPU
		{134E6B14-A7BE-4CED-8332-3A2CA6023EE1}.Release|Any CPU.ActiveCfg = Release|Any CPU
		{134E6B14-A7BE-4CED-8332-3A2CA6023EE1}.Release|Any CPU.Build.0 = Release|Any CPU
	EndGlobalSection
	GlobalSection(SolutionProperties) = preSolution
		HideSolutionNode = FALSE
	EndGlobalSection
	GlobalSection(ExtensibilityGlobals) = postSolution
		SolutionGuid = {0E70C6C9-020B-4479-A5CB-2A85A2137B6C}
	EndGlobalSection
EndGlobal
